// !$*UTF8*$!
{
	archiveVersion = 1;
	classes = {
	};
	objectVersion = 48;
	objects = {

/* Begin PBXBuildFile section */
		AF2481151FD15E6100E33B51 /* AppDelegate.swift in Sources */ = {isa = PBXBuildFile; fileRef = AF2481141FD15E6100E33B51 /* AppDelegate.swift */; };
		AF2481171FD15E6100E33B51 /* ViewController.swift in Sources */ = {isa = PBXBuildFile; fileRef = AF2481161FD15E6100E33B51 /* ViewController.swift */; };
		AF24811A1FD15E6100E33B51 /* Main.storyboard in Resources */ = {isa = PBXBuildFile; fileRef = AF2481181FD15E6100E33B51 /* Main.storyboard */; };
		AF24811F1FD15E6100E33B51 /* LaunchScreen.storyboard in Resources */ = {isa = PBXBuildFile; fileRef = AF24811D1FD15E6100E33B51 /* LaunchScreen.storyboard */; };
		AF2481421FD16EB300E33B51 /* AppIcon.appiconset in Resources */ = {isa = PBXBuildFile; fileRef = AF2481411FD16EB300E33B51 /* AppIcon.appiconset */; };
		AF2481441FD16ED600E33B51 /* Images.xcassets in Resources */ = {isa = PBXBuildFile; fileRef = AF2481431FD16ED600E33B51 /* Images.xcassets */; };
/* End PBXBuildFile section */

/* Begin PBXFileReference section */
		AF2481111FD15E6100E33B51 /* spterp.app */ = {isa = PBXFileReference; explicitFileType = wrapper.application; includeInIndex = 0; path = spterp.app; sourceTree = BUILT_PRODUCTS_DIR; };
		AF2481141FD15E6100E33B51 /* AppDelegate.swift */ = {isa = PBXFileReference; lastKnownFileType = sourcecode.swift; path = AppDelegate.swift; sourceTree = "<group>"; };
		AF2481161FD15E6100E33B51 /* ViewController.swift */ = {isa = PBXFileReference; lastKnownFileType = sourcecode.swift; path = ViewController.swift; sourceTree = "<group>"; };
		AF2481191FD15E6100E33B51 /* Base */ = {isa = PBXFileReference; lastKnownFileType = file.storyboard; name = Base; path = Base.lproj/Main.storyboard; sourceTree = "<group>"; };
		AF24811E1FD15E6100E33B51 /* Base */ = {isa = PBXFileReference; lastKnownFileType = file.storyboard; name = Base; path = Base.lproj/LaunchScreen.storyboard; sourceTree = "<group>"; };
		AF2481201FD15E6100E33B51 /* Info.plist */ = {isa = PBXFileReference; lastKnownFileType = text.plist.xml; path = Info.plist; sourceTree = "<group>"; };
		AF2481411FD16EB300E33B51 /* AppIcon.appiconset */ = {isa = PBXFileReference; lastKnownFileType = folder; path = AppIcon.appiconset; sourceTree = "<group>"; };
		AF2481431FD16ED600E33B51 /* Images.xcassets */ = {isa = PBXFileReference; lastKnownFileType = folder.assetcatalog; path = Images.xcassets; sourceTree = "<group>"; };
		AF35CE301FD1B49D0011B95F /* spterp.entitlements */ = {isa = PBXFileReference; lastKnownFileType = text.plist.entitlements; path = spterp.entitlements; sourceTree = "<group>"; };
/* End PBXFileReference section */

/* Begin PBXFrameworksBuildPhase section */
		AF24810E1FD15E6100E33B51 /* Frameworks */ = {
			isa = PBXFrameworksBuildPhase;
			buildActionMask = 2147483647;
			files = (
			);
			runOnlyForDeploymentPostprocessing = 0;
		};
/* End PBXFrameworksBuildPhase section */

/* Begin PBXGroup section */
		AF2481081FD15E6100E33B51 = {
			isa = PBXGroup;
			children = (
				AF2481131FD15E6100E33B51 /* spterp */,
				AF2481121FD15E6100E33B51 /* Products */,
			);
			sourceTree = "<group>";
		};
		AF2481121FD15E6100E33B51 /* Products */ = {
			isa = PBXGroup;
			children = (
				AF2481111FD15E6100E33B51 /* spterp.app */,
			);
			name = Products;
			sourceTree = "<group>";
		};
		AF2481131FD15E6100E33B51 /* spterp */ = {
			isa = PBXGroup;
			children = (
				AF35CE301FD1B49D0011B95F /* spterp.entitlements */,
				AF2481411FD16EB300E33B51 /* AppIcon.appiconset */,
				AF2481141FD15E6100E33B51 /* AppDelegate.swift */,
				AF2481161FD15E6100E33B51 /* ViewController.swift */,
				AF2481181FD15E6100E33B51 /* Main.storyboard */,
				AF24811D1FD15E6100E33B51 /* LaunchScreen.storyboard */,
				AF2481201FD15E6100E33B51 /* Info.plist */,
				AF2481431FD16ED600E33B51 /* Images.xcassets */,
			);
			path = spterp;
			sourceTree = "<group>";
		};
/* End PBXGroup section */

/* Begin PBXNativeTarget section */
		AF2481101FD15E6100E33B51 /* spterp */ = {
			isa = PBXNativeTarget;
			buildConfigurationList = AF2481231FD15E6100E33B51 /* Build configuration list for PBXNativeTarget "spterp" */;
			buildPhases = (
				AF24810D1FD15E6100E33B51 /* Sources */,
				AF24810E1FD15E6100E33B51 /* Frameworks */,
				AF24810F1FD15E6100E33B51 /* Resources */,
			);
			buildRules = (
			);
			dependencies = (
			);
			name = spterp;
			productName = spterp;
			productReference = AF2481111FD15E6100E33B51 /* spterp.app */;
			productType = "com.apple.product-type.application";
		};
/* End PBXNativeTarget section */

/* Begin PBXProject section */
		AF2481091FD15E6100E33B51 /* Project object */ = {
			isa = PBXProject;
			attributes = {
				LastSwiftUpdateCheck = 0910;
				LastUpgradeCheck = 0910;
				ORGANIZATIONNAME = spterp;
				TargetAttributes = {
					AF2481101FD15E6100E33B51 = {
						CreatedOnToolsVersion = 9.1;
						ProvisioningStyle = Automatic;
						SystemCapabilities = {
							com.apple.Keychain = {
								enabled = 1;
							};
						};
					};
				};
			};
			buildConfigurationList = AF24810C1FD15E6100E33B51 /* Build configuration list for PBXProject "spterp" */;
			compatibilityVersion = "Xcode 8.0";
			developmentRegion = en;
			hasScannedForEncodings = 0;
			knownRegions = (
				en,
				Base,
			);
			mainGroup = AF2481081FD15E6100E33B51;
			productRefGroup = AF2481121FD15E6100E33B51 /* Products */;
			projectDirPath = "";
			projectRoot = "";
			targets = (
				AF2481101FD15E6100E33B51 /* spterp */,
			);
		};
/* End PBXProject section */

/* Begin PBXResourcesBuildPhase section */
		AF24810F1FD15E6100E33B51 /* Resources */ = {
			isa = PBXResourcesBuildPhase;
			buildActionMask = 2147483647;
			files = (
				AF2481421FD16EB300E33B51 /* AppIcon.appiconset in Resources */,
				AF2481441FD16ED600E33B51 /* Images.xcassets in Resources */,
				AF24811F1FD15E6100E33B51 /* LaunchScreen.storyboard in Resources */,
				AF24811A1FD15E6100E33B51 /* Main.storyboard in Resources */,
			);
			runOnlyForDeploymentPostprocessing = 0;
		};
/* End PBXResourcesBuildPhase section */

/* Begin PBXSourcesBuildPhase section */
		AF24810D1FD15E6100E33B51 /* Sources */ = {
			isa = PBXSourcesBuildPhase;
			buildActionMask = 2147483647;
			files = (
				AF2481171FD15E6100E33B51 /* ViewController.swift in Sources */,
				AF2481151FD15E6100E33B51 /* AppDelegate.swift in Sources */,
			);
			runOnlyForDeploymentPostprocessing = 0;
		};
/* End PBXSourcesBuildPhase section */

/* Begin PBXVariantGroup section */
		AF2481181FD15E6100E33B51 /* Main.storyboard */ = {
			isa = PBXVariantGroup;
			children = (
				AF2481191FD15E6100E33B51 /* Base */,
			);
			name = Main.storyboard;
			sourceTree = "<group>";
		};
		AF24811D1FD15E6100E33B51 /* LaunchScreen.storyboard */ = {
			isa = PBXVariantGroup;
			children = (
				AF24811E1FD15E6100E33B51 /* Base */,
			);
			name = LaunchScreen.storyboard;
			sourceTree = "<group>";
		};
/* End PBXVariantGroup section */

/* Begin XCBuildConfiguration section */
		AF2481211FD15E6100E33B51 /* Debug */ = {
			isa = XCBuildConfiguration;
			buildSettings = {
				ALWAYS_SEARCH_USER_PATHS = NO;
				CLANG_ANALYZER_NONNULL = YES;
				CLANG_ANALYZER_NUMBER_OBJECT_CONVERSION = YES_AGGRESSIVE;
				CLANG_CXX_LANGUAGE_STANDARD = "gnu++14";
				CLANG_CXX_LIBRARY = "libc++";
				CLANG_ENABLE_MODULES = YES;
				CLANG_ENABLE_OBJC_ARC = YES;
				CLANG_WARN_BLOCK_CAPTURE_AUTORELEASING = YES;
				CLANG_WARN_BOOL_CONVERSION = YES;
				CLANG_WARN_COMMA = YES;
				CLANG_WARN_CONSTANT_CONVERSION = YES;
				CLANG_WARN_DIRECT_OBJC_ISA_USAGE = YES_ERROR;
				CLANG_WARN_DOCUMENTATION_COMMENTS = YES;
				CLANG_WARN_EMPTY_BODY = YES;
				CLANG_WARN_ENUM_CONVERSION = YES;
				CLANG_WARN_INFINITE_RECURSION = YES;
				CLANG_WARN_INT_CONVERSION = YES;
				CLANG_WARN_NON_LITERAL_NULL_CONVERSION = YES;
				CLANG_WARN_OBJC_LITERAL_CONVERSION = YES;
				CLANG_WARN_OBJC_ROOT_CLASS = YES_ERROR;
				CLANG_WARN_RANGE_LOOP_ANALYSIS = YES;
				CLANG_WARN_STRICT_PROTOTYPES = YES;
				CLANG_WARN_SUSPICIOUS_MOVE = YES;
				CLANG_WARN_UNGUARDED_AVAILABILITY = YES_AGGRESSIVE;
				CLANG_WARN_UNREACHABLE_CODE = YES;
				CLANG_WARN__DUPLICATE_METHOD_MATCH = YES;
				CODE_SIGN_IDENTITY = "iPhone Developer";
				COPY_PHASE_STRIP = NO;
				DEBUG_INFORMATION_FORMAT = dwarf;
				ENABLE_STRICT_OBJC_MSGSEND = YES;
				ENABLE_TESTABILITY = YES;
				GCC_C_LANGUAGE_STANDARD = gnu11;
				GCC_DYNAMIC_NO_PIC = NO;
				GCC_NO_COMMON_BLOCKS = YES;
				GCC_OPTIMIZATION_LEVEL = 0;
				GCC_PREPROCESSOR_DEFINITIONS = (
					"DEBUG=1",
					"$(inherited)",
				);
				GCC_WARN_64_TO_32_BIT_CONVERSION = YES;
				GCC_WARN_ABOUT_RETURN_TYPE = YES_ERROR;
				GCC_WARN_UNDECLARED_SELECTOR = YES;
				GCC_WARN_UNINITIALIZED_AUTOS = YES_AGGRESSIVE;
				GCC_WARN_UNUSED_FUNCTION = YES;
				GCC_WARN_UNUSED_VARIABLE = YES;
				IPHONEOS_DEPLOYMENT_TARGET = 11.1;
				MTL_ENABLE_DEBUG_INFO = YES;
				ONLY_ACTIVE_ARCH = YES;
				SDKROOT = iphoneos;
				SWIFT_ACTIVE_COMPILATION_CONDITIONS = DEBUG;
				SWIFT_OPTIMIZATION_LEVEL = "-Onone";
			};
			name = Debug;
		};
		AF2481221FD15E6100E33B51 /* Release */ = {
			isa = XCBuildConfiguration;
			buildSettings = {
				ALWAYS_SEARCH_USER_PATHS = NO;
				CLANG_ANALYZER_NONNULL = YES;
				CLANG_ANALYZER_NUMBER_OBJECT_CONVERSION = YES_AGGRESSIVE;
				CLANG_CXX_LANGUAGE_STANDARD = "gnu++14";
				CLANG_CXX_LIBRARY = "libc++";
				CLANG_ENABLE_MODULES = YES;
				CLANG_ENABLE_OBJC_ARC = YES;
				CLANG_WARN_BLOCK_CAPTURE_AUTORELEASING = YES;
				CLANG_WARN_BOOL_CONVERSION = YES;
				CLANG_WARN_COMMA = YES;
				CLANG_WARN_CONSTANT_CONVERSION = YES;
				CLANG_WARN_DIRECT_OBJC_ISA_USAGE = YES_ERROR;
				CLANG_WARN_DOCUMENTATION_COMMENTS = YES;
				CLANG_WARN_EMPTY_BODY = YES;
				CLANG_WARN_ENUM_CONVERSION = YES;
				CLANG_WARN_INFINITE_RECURSION = YES;
				CLANG_WARN_INT_CONVERSION = YES;
				CLANG_WARN_NON_LITERAL_NULL_CONVERSION = YES;
				CLANG_WARN_OBJC_LITERAL_CONVERSION = YES;
				CLANG_WARN_OBJC_ROOT_CLASS = YES_ERROR;
				CLANG_WARN_RANGE_LOOP_ANALYSIS = YES;
				CLANG_WARN_STRICT_PROTOTYPES = YES;
				CLANG_WARN_SUSPICIOUS_MOVE = YES;
				CLANG_WARN_UNGUARDED_AVAILABILITY = YES_AGGRESSIVE;
				CLANG_WARN_UNREACHABLE_CODE = YES;
				CLANG_WARN__DUPLICATE_METHOD_MATCH = YES;
				CODE_SIGN_IDENTITY = "iPhone Developer";
				COPY_PHASE_STRIP = NO;
				DEBUG_INFORMATION_FORMAT = "dwarf-with-dsym";
				ENABLE_NS_ASSERTIONS = NO;
				ENABLE_STRICT_OBJC_MSGSEND = YES;
				GCC_C_LANGUAGE_STANDARD = gnu11;
				GCC_NO_COMMON_BLOCKS = YES;
				GCC_WARN_64_TO_32_BIT_CONVERSION = YES;
				GCC_WARN_ABOUT_RETURN_TYPE = YES_ERROR;
				GCC_WARN_UNDECLARED_SELECTOR = YES;
				GCC_WARN_UNINITIALIZED_AUTOS = YES_AGGRESSIVE;
				GCC_WARN_UNUSED_FUNCTION = YES;
				GCC_WARN_UNUSED_VARIABLE = YES;
				IPHONEOS_DEPLOYMENT_TARGET = 11.1;
				MTL_ENABLE_DEBUG_INFO = NO;
				SDKROOT = iphoneos;
				SWIFT_OPTIMIZATION_LEVEL = "-Owholemodule";
				VALIDATE_PRODUCT = YES;
			};
			name = Release;
		};
		AF2481241FD15E6100E33B51 /* Debug */ = {
			isa = XCBuildConfiguration;
			buildSettings = {
				ASSETCATALOG_COMPILER_APPICON_NAME = "AppIcon-2";
				ASSETCATALOG_COMPILER_LAUNCHIMAGE_NAME = "LaunchImage-2";
				CODE_SIGN_ENTITLEMENTS = spterp/spterp.entitlements;
				CODE_SIGN_STYLE = Automatic;
				DEVELOPMENT_TEAM = Q3WTJ35QGS;
				INFOPLIST_FILE = spterp/Info.plist;
				IPHONEOS_DEPLOYMENT_TARGET = 9.0;
				LD_RUNPATH_SEARCH_PATHS = "$(inherited) @executable_path/Frameworks";
				MTL_ENABLE_DEBUG_INFO = NO;
				PRODUCT_BUNDLE_IDENTIFIER = com.hntxrj.spterp;
				PRODUCT_NAME = "$(TARGET_NAME)";
				SWIFT_VERSION = 4.0;
				TARGETED_DEVICE_FAMILY = 1;
			};
			name = Debug;
		};
		AF2481251FD15E6100E33B51 /* Release */ = {
			isa = XCBuildConfiguration;
			buildSettings = {
				ASSETCATALOG_COMPILER_APPICON_NAME = "AppIcon-2";
				ASSETCATALOG_COMPILER_LAUNCHIMAGE_NAME = "LaunchImage-2";
				CODE_SIGN_ENTITLEMENTS = spterp/spterp.entitlements;
				CODE_SIGN_STYLE = Automatic;
				DEVELOPMENT_TEAM = Q3WTJ35QGS;
				INFOPLIST_FILE = spterp/Info.plist;
				IPHONEOS_DEPLOYMENT_TARGET = 9.0;
				LD_RUNPATH_SEARCH_PATHS = "$(inherited) @executable_path/Frameworks";
				MTL_ENABLE_DEBUG_INFO = YES;
				PRODUCT_BUNDLE_IDENTIFIER = com.hntxrj.spterp;
				PRODUCT_NAME = "$(TARGET_NAME)";
				SWIFT_VERSION = 4.0;
				TARGETED_DEVICE_FAMILY = 1;
			};
			name = Release;
		};
/* End XCBuildConfiguration section */

/* Begin XCConfigurationList section */
		AF24810C1FD15E6100E33B51 /* Build configuration list for PBXProject "spterp" */ = {
			isa = XCConfigurationList;
			buildConfigurations = (
				AF2481211FD15E6100E33B51 /* Debug */,
				AF2481221FD15E6100E33B51 /* Release */,
			);
			defaultConfigurationIsVisible = 0;
			defaultConfigurationName = Release;
		};
		AF2481231FD15E6100E33B51 /* Build configuration list for PBXNativeTarget "spterp" */ = {
			isa = XCConfigurationList;
			buildConfigurations = (
				AF2481241FD15E6100E33B51 /* Debug */,
				AF2481251FD15E6100E33B51 /* Release */,
			);
			defaultConfigurationIsVisible = 0;
			defaultConfigurationName = Release;
		};
/* End XCConfigurationList section */
	};
	rootObject = AF2481091FD15E6100E33B51 /* Project object */;
}
